
Microsoft Visual Studio Solution File, Format Version 11.00
# Visual Studio 2010
Project("{FAE04EC0-301F-11D3-BF4B-00C04F79EFBC}") = "Assembly-CSharp", "Assembly-CSharp.csproj", "{20A7F471-80CE-9BA4-9E10-100D0E109494}"
EndProject
Project("{FAE04EC0-301F-11D3-BF4B-00C04F79EFBC}") = "Assembly-CSharp-Editor", "Assembly-CSharp-Editor.csproj", "{8497AF1F-59EB-33AA-A82F-C69E8FCEAD6B}"
EndProject
Global
	GlobalSection(SolutionConfigurationPlatforms) = preSolution
		Debug|Any CPU = Debug|Any CPU
		Release|Any CPU = Release|Any CPU
	EndGlobalSection
	GlobalSection(ProjectConfigurationPlatforms) = postSolution
		{20A7F471-80CE-9BA4-9E10-100D0E109494}.Debug|Any CPU.ActiveCfg = Debug|Any CPU
		{20A7F471-80CE-9BA4-9E10-100D0E109494}.Debug|Any CPU.Build.0 = Debug|Any CPU
		{20A7F471-80CE-9BA4-9E10-100D0E109494}.Release|Any CPU.ActiveCfg = Release|Any CPU
		{20A7F471-80CE-9BA4-9E10-100D0E109494}.Release|Any CPU.Build.0 = Release|Any CPU
		{8497AF1F-59EB-33AA-A82F-C69E8FCEAD6B}.Debug|Any CPU.ActiveCfg = Debug|Any CPU
		{8497AF1F-59EB-33AA-A82F-C69E8FCEAD6B}.Debug|Any CPU.Build.0 = Debug|Any CPU
		{8497AF1F-59EB-33AA-A82F-C69E8FCEAD6B}.Release|Any CPU.ActiveCfg = Release|Any CPU
		{8497AF1F-59EB-33AA-A82F-C69E8FCEAD6B}.Release|Any CPU.Build.0 = Release|Any CPU
	EndGlobalSection
	GlobalSection(SolutionProperties) = preSolution
		HideSolutionNode = FALSE
	EndGlobalSection
EndGlobal
